
Microsoft Visual Studio Solution File, Format Version 12.00
# Visual Studio Version 16
VisualStudioVersion = 16.0.29215.179
MinimumVisualStudioVersion = 10.0.40219.1
Project("{8BC9CEB8-8B4A-11D0-8D11-00A0C91BC942}") = "0923", "0923\0923.vcxproj", "{0028541E-9AA0-4D47-BDFA-B8647098FE91}"
EndProject
Global
	GlobalSection(SolutionConfigurationPlatforms) = preSolution
		Debug|x64 = Debug|x64
		Debug|x86 = Debug|x86
		Release|x64 = Release|x64
		Release|x86 = Release|x86
	EndGlobalSection
	GlobalSection(ProjectConfigurationPlatforms) = postSolution
		{0028541E-9AA0-4D47-BDFA-B8647098FE91}.Debug|x64.ActiveCfg = Debug|x64
		{0028541E-9AA0-4D47-BDFA-B8647098FE91}.Debug|x64.Build.0 = Debug|x64
		{0028541E-9AA0-4D47-BDFA-B8647098FE91}.Debug|x86.ActiveCfg = Debug|Win32
		{0028541E-9AA0-4D47-BDFA-B8647098FE91}.Debug|x86.Build.0 = Debug|Win32
		{0028541E-9AA0-4D47-BDFA-B8647098FE91}.Release|x64.ActiveCfg = Release|x64
		{0028541E-9AA0-4D47-BDFA-B8647098FE91}.Release|x64.Build.0 = Release|x64
		{0028541E-9AA0-4D47-BDFA-B8647098FE91}.Release|x86.ActiveCfg = Release|Win32
		{0028541E-9AA0-4D47-BDFA-B8647098FE91}.Release|x86.Build.0 = Release|Win32
	EndGlobalSection
	GlobalSection(SolutionProperties) = preSolution
		HideSolutionNode = FALSE
	EndGlobalSection
	GlobalSection(ExtensibilityGlobals) = postSolution
		SolutionGuid = {FE670C7B-F972-48CE-89F0-A29F4531026A}
	EndGlobalSection
EndGlobal
